// !$*UTF8*$!
{
	archiveVersion = 1;
	classes = {
	};
	objectVersion = 48;
	objects = {

/* Begin PBXBuildFile section */
		BE6EAB491FB2DCCA00224A1B /* AppDelegate.swift in Sources */ = {isa = PBXBuildFile; fileRef = BE6EAB481FB2DCCA00224A1B /* AppDelegate.swift */; };
		BE6EAB4B1FB2DCCA00224A1B /* ViewController.swift in Sources */ = {isa = PBXBuildFile; fileRef = BE6EAB4A1FB2DCCA00224A1B /* ViewController.swift */; };
		BE6EAB4E1FB2DCCA00224A1B /* Main.storyboard in Resources */ = {isa = PBXBuildFile; fileRef = BE6EAB4C1FB2DCCA00224A1B /* Main.storyboard */; };
		BE6EAB501FB2DCCA00224A1B /* Assets.xcassets in Resources */ = {isa = PBXBuildFile; fileRef = BE6EAB4F1FB2DCCA00224A1B /* Assets.xcassets */; };
		BE6EAB531FB2DCCA00224A1B /* LaunchScreen.storyboard in Resources */ = {isa = PBXBuildFile; fileRef = BE6EAB511FB2DCCA00224A1B /* LaunchScreen.storyboard */; };
		BEC4752F256057E30024C01E /* iOS_XMinerTests.xctest in Embed PlugIns */ = {isa = PBXBuildFile; fileRef = BEC4752E256057E30024C01E /* iOS_XMinerTests.xctest */; settings = {ATTRIBUTES = (CodeSignOnCopy, RemoveHeadersOnCopy, ); }; };
/* End PBXBuildFile section */

/* Begin PBXCopyFilesBuildPhase section */
		BE6EAB5D1FB2EB2800224A1B /* Embed Frameworks */ = {
			isa = PBXCopyFilesBuildPhase;
			buildActionMask = 2147483647;
			dstPath = "";
			dstSubfolderSpec = 10;
			files = (
			);
			name = "Embed Frameworks";
			runOnlyForDeploymentPostprocessing = 0;
		};
		BEC47530256057E30024C01E /* Embed PlugIns */ = {
			isa = PBXCopyFilesBuildPhase;
			buildActionMask = 2147483647;
			dstPath = "";
			dstSubfolderSpec = 13;
			files = (
				BEC4752F256057E30024C01E /* iOS_XMinerTests.xctest in Embed PlugIns */,
			);
			name = "Embed PlugIns";
			runOnlyForDeploymentPostprocessing = 0;
		};
/* End PBXCopyFilesBuildPhase section */

/* Begin PBXFileReference section */
		BE6EAB451FB2DCCA00224A1B /* xMinerClient.app */ = {isa = PBXFileReference; explicitFileType = wrapper.application; includeInIndex = 0; path = xMinerClient.app; sourceTree = BUILT_PRODUCTS_DIR; };
		BE6EAB481FB2DCCA00224A1B /* AppDelegate.swift */ = {isa = PBXFileReference; lastKnownFileType = sourcecode.swift; path = AppDelegate.swift; sourceTree = "<group>"; };
		BE6EAB4A1FB2DCCA00224A1B /* ViewController.swift */ = {isa = PBXFileReference; lastKnownFileType = sourcecode.swift; path = ViewController.swift; sourceTree = "<group>"; };
		BE6EAB4D1FB2DCCA00224A1B /* Base */ = {isa = PBXFileReference; lastKnownFileType = file.storyboard; name = Base; path = Base.lproj/Main.storyboard; sourceTree = "<group>"; };
		BE6EAB4F1FB2DCCA00224A1B /* Assets.xcassets */ = {isa = PBXFileReference; lastKnownFileType = folder.assetcatalog; path = Assets.xcassets; sourceTree = "<group>"; };
		BE6EAB521FB2DCCA00224A1B /* Base */ = {isa = PBXFileReference; lastKnownFileType = file.storyboard; name = Base; path = Base.lproj/LaunchScreen.storyboard; sourceTree = "<group>"; };
		BE6EAB541FB2DCCA00224A1B /* Info.plist */ = {isa = PBXFileReference; lastKnownFileType = text.plist.xml; path = Info.plist; sourceTree = "<group>"; };
		BEC4752E256057E30024C01E /* iOS_XMinerTests.xctest */ = {isa = PBXFileReference; explicitFileType = wrapper.cfbundle; path = iOS_XMinerTests.xctest; sourceTree = BUILT_PRODUCTS_DIR; };
/* End PBXFileReference section */

/* Begin PBXFrameworksBuildPhase section */
		BE6EAB421FB2DCCA00224A1B /* Frameworks */ = {
			isa = PBXFrameworksBuildPhase;
			buildActionMask = 2147483647;
			files = (
			);
			runOnlyForDeploymentPostprocessing = 0;
		};
/* End PBXFrameworksBuildPhase section */

/* Begin PBXGroup section */
		BE6EAB3C1FB2DCCA00224A1B = {
			isa = PBXGroup;
			children = (
				BE6EAB471FB2DCCA00224A1B /* xMinerClient */,
				BE6EAB461FB2DCCA00224A1B /* Products */,
				BEC4752D256057E30024C01E /* Frameworks */,
			);
			sourceTree = "<group>";
		};
		BE6EAB461FB2DCCA00224A1B /* Products */ = {
			isa = PBXGroup;
			children = (
				BE6EAB451FB2DCCA00224A1B /* xMinerClient.app */,
			);
			name = Products;
			sourceTree = "<group>";
		};
		BE6EAB471FB2DCCA00224A1B /* xMinerClient */ = {
			isa = PBXGroup;
			children = (
				BE6EAB481FB2DCCA00224A1B /* AppDelegate.swift */,
				BE6EAB4A1FB2DCCA00224A1B /* ViewController.swift */,
				BE6EAB4C1FB2DCCA00224A1B /* Main.storyboard */,
				BE6EAB4F1FB2DCCA00224A1B /* Assets.xcassets */,
				BE6EAB511FB2DCCA00224A1B /* LaunchScreen.storyboard */,
				BE6EAB541FB2DCCA00224A1B /* Info.plist */,
			);
			path = xMinerClient;
			sourceTree = "<group>";
		};
		BEC4752D256057E30024C01E /* Frameworks */ = {
			isa = PBXGroup;
			children = (
				BEC4752E256057E30024C01E /* iOS_XMinerTests.xctest */,
			);
			name = Frameworks;
			sourceTree = "<group>";
		};
/* End PBXGroup section */

/* Begin PBXNativeTarget section */
		BE6EAB441FB2DCCA00224A1B /* xMinerClient */ = {
			isa = PBXNativeTarget;
			buildConfigurationList = BE6EAB571FB2DCCA00224A1B /* Build configuration list for PBXNativeTarget "xMinerClient" */;
			buildPhases = (
				BE6EAB411FB2DCCA00224A1B /* Sources */,
				BE6EAB421FB2DCCA00224A1B /* Frameworks */,
				BE6EAB431FB2DCCA00224A1B /* Resources */,
				BE6EAB5D1FB2EB2800224A1B /* Embed Frameworks */,
				BEC47530256057E30024C01E /* Embed PlugIns */,
			);
			buildRules = (
			);
			dependencies = (
			);
			name = xMinerClient;
			productName = xMinerClient;
			productReference = BE6EAB451FB2DCCA00224A1B /* xMinerClient.app */;
			productType = "com.apple.product-type.application";
		};
/* End PBXNativeTarget section */

/* Begin PBXProject section */
		BE6EAB3D1FB2DCCA00224A1B /* Project object */ = {
			isa = PBXProject;
			attributes = {
				LastSwiftUpdateCheck = 0910;
				LastUpgradeCheck = 1220;
				ORGANIZATIONNAME = "Gleb Karpushkin";
				TargetAttributes = {
					BE6EAB441FB2DCCA00224A1B = {
						CreatedOnToolsVersion = 9.1;
						ProvisioningStyle = Automatic;
					};
				};
			};
			buildConfigurationList = BE6EAB401FB2DCCA00224A1B /* Build configuration list for PBXProject "xMinerClient" */;
			compatibilityVersion = "Xcode 8.0";
			developmentRegion = en;
			hasScannedForEncodings = 0;
			knownRegions = (
				en,
				Base,
			);
			mainGroup = BE6EAB3C1FB2DCCA00224A1B;
			productRefGroup = BE6EAB461FB2DCCA00224A1B /* Products */;
			projectDirPath = "";
			projectRoot = "";
			targets = (
				BE6EAB441FB2DCCA00224A1B /* xMinerClient */,
			);
		};
/* End PBXProject section */

/* Begin PBXResourcesBuildPhase section */
		BE6EAB431FB2DCCA00224A1B /* Resources */ = {
			isa = PBXResourcesBuildPhase;
			buildActionMask = 2147483647;
			files = (
				BE6EAB531FB2DCCA00224A1B /* LaunchScreen.storyboard in Resources */,
				BE6EAB501FB2DCCA00224A1B /* Assets.xcassets in Resources */,
				BE6EAB4E1FB2DCCA00224A1B /* Main.storyboard in Resources */,
			);
			runOnlyForDeploymentPostprocessing = 0;
		};
/* End PBXResourcesBuildPhase section */

/* Begin PBXSourcesBuildPhase section */
		BE6EAB411FB2DCCA00224A1B /* Sources */ = {
			isa = PBXSourcesBuildPhase;
			buildActionMask = 2147483647;
			files = (
				BE6EAB4B1FB2DCCA00224A1B /* ViewController.swift in Sources */,
				BE6EAB491FB2DCCA00224A1B /* AppDelegate.swift in Sources */,
			);
			runOnlyForDeploymentPostprocessing = 0;
		};
/* End PBXSourcesBuildPhase section */

/* Begin PBXVariantGroup section */
		BE6EAB4C1FB2DCCA00224A1B /* Main.storyboard */ = {
			isa = PBXVariantGroup;
			children = (
				BE6EAB4D1FB2DCCA00224A1B /* Base */,
			);
			name = Main.storyboard;
			sourceTree = "<group>";
		};
		BE6EAB511FB2DCCA00224A1B /* LaunchScreen.storyboard */ = {
			isa = PBXVariantGroup;
			children = (
				BE6EAB521FB2DCCA00224A1B /* Base */,
			);
			name = LaunchScreen.storyboard;
			sourceTree = "<group>";
		};
/* End PBXVariantGroup section */

/* Begin XCBuildConfiguration section */
		BE6EAB551FB2DCCA00224A1B /* Debug */ = {
			isa = XCBuildConfiguration;
			buildSettings = {
				ALWAYS_SEARCH_USER_PATHS = NO;
				CLANG_ANALYZER_NONNULL = YES;
				CLANG_ANALYZER_NUMBER_OBJECT_CONVERSION = YES_AGGRESSIVE;
				CLANG_CXX_LANGUAGE_STANDARD = "gnu++14";
				CLANG_CXX_LIBRARY = "libc++";
				CLANG_ENABLE_MODULES = YES;
				CLANG_ENABLE_OBJC_ARC = YES;
				CLANG_WARN_BLOCK_CAPTURE_AUTORELEASING = YES;
				CLANG_WARN_BOOL_CONVERSION = YES;
				CLANG_WARN_COMMA = YES;
				CLANG_WARN_CONSTANT_CONVERSION = YES;
				CLANG_WARN_DEPRECATED_OBJC_IMPLEMENTATIONS = YES;
				CLANG_WARN_DIRECT_OBJC_ISA_USAGE = YES_ERROR;
				CLANG_WARN_DOCUMENTATION_COMMENTS = YES;
				CLANG_WARN_EMPTY_BODY = YES;
				CLANG_WARN_ENUM_CONVERSION = YES;
				CLANG_WARN_INFINITE_RECURSION = YES;
				CLANG_WARN_INT_CONVERSION = YES;
				CLANG_WARN_NON_LITERAL_NULL_CONVERSION = YES;
				CLANG_WARN_OBJC_IMPLICIT_RETAIN_SELF = YES;
				CLANG_WARN_OBJC_LITERAL_CONVERSION = YES;
				CLANG_WARN_OBJC_ROOT_CLASS = YES_ERROR;
				CLANG_WARN_QUOTED_INCLUDE_IN_FRAMEWORK_HEADER = YES;
				CLANG_WARN_RANGE_LOOP_ANALYSIS = YES;
				CLANG_WARN_STRICT_PROTOTYPES = YES;
				CLANG_WARN_SUSPICIOUS_MOVE = YES;
				CLANG_WARN_UNGUARDED_AVAILABILITY = YES_AGGRESSIVE;
				CLANG_WARN_UNREACHABLE_CODE = YES;
				CLANG_WARN__DUPLICATE_METHOD_MATCH = YES;
				CODE_SIGN_IDENTITY = "iPhone Developer";
				COPY_PHASE_STRIP = NO;
				DEBUG_INFORMATION_FORMAT = dwarf;
				ENABLE_STRICT_OBJC_MSGSEND = YES;
				ENABLE_TESTABILITY = YES;
				GCC_C_LANGUAGE_STANDARD = gnu11;
				GCC_DYNAMIC_NO_PIC = NO;
				GCC_NO_COMMON_BLOCKS = YES;
				GCC_OPTIMIZATION_LEVEL = 0;
				GCC_PREPROCESSOR_DEFINITIONS = (
					"DEBUG=1",
					"$(inherited)",
				);
				GCC_WARN_64_TO_32_BIT_CONVERSION = YES;
				GCC_WARN_ABOUT_RETURN_TYPE = YES_ERROR;
				GCC_WARN_UNDECLARED_SELECTOR = YES;
				GCC_WARN_UNINITIALIZED_AUTOS = YES_AGGRESSIVE;
				GCC_WARN_UNUSED_FUNCTION = YES;
				GCC_WARN_UNUSED_VARIABLE = YES;
				IPHONEOS_DEPLOYMENT_TARGET = 12.0;
				MTL_ENABLE_DEBUG_INFO = YES;
				ONLY_ACTIVE_ARCH = YES;
				SDKROOT = iphoneos;
				SWIFT_ACTIVE_COMPILATION_CONDITIONS = DEBUG;
				SWIFT_OPTIMIZATION_LEVEL = "-Onone";
			};
			name = Debug;
		};
		BE6EAB561FB2DCCA00224A1B /* Release */ = {
			isa = XCBuildConfiguration;
			buildSettings = {
				ALWAYS_SEARCH_USER_PATHS = NO;
				CLANG_ANALYZER_NONNULL = YES;
				CLANG_ANALYZER_NUMBER_OBJECT_CONVERSION = YES_AGGRESSIVE;
				CLANG_CXX_LANGUAGE_STANDARD = "gnu++14";
				CLANG_CXX_LIBRARY = "libc++";
				CLANG_ENABLE_MODULES = YES;
				CLANG_ENABLE_OBJC_ARC = YES;
				CLANG_WARN_BLOCK_CAPTURE_AUTORELEASING = YES;
				CLANG_WARN_BOOL_CONVERSION = YES;
				CLANG_WARN_COMMA = YES;
				CLANG_WARN_CONSTANT_CONVERSION = YES;
				CLANG_WARN_DEPRECATED_OBJC_IMPLEMENTATIONS = YES;
				CLANG_WARN_DIRECT_OBJC_ISA_USAGE = YES_ERROR;
				CLANG_WARN_DOCUMENTATION_COMMENTS = YES;
				CLANG_WARN_EMPTY_BODY = YES;
				CLANG_WARN_ENUM_CONVERSION = YES;
				CLANG_WARN_INFINITE_RECURSION = YES;
				CLANG_WARN_INT_CONVERSION = YES;
				CLANG_WARN_NON_LITERAL_NULL_CONVERSION = YES;
				CLANG_WARN_OBJC_IMPLICIT_RETAIN_SELF = YES;
				CLANG_WARN_OBJC_LITERAL_CONVERSION = YES;
				CLANG_WARN_OBJC_ROOT_CLASS = YES_ERROR;
				CLANG_WARN_QUOTED_INCLUDE_IN_FRAMEWORK_HEADER = YES;
				CLANG_WARN_RANGE_LOOP_ANALYSIS = YES;
				CLANG_WARN_STRICT_PROTOTYPES = YES;
				CLANG_WARN_SUSPICIOUS_MOVE = YES;
				CLANG_WARN_UNGUARDED_AVAILABILITY = YES_AGGRESSIVE;
				CLANG_WARN_UNREACHABLE_CODE = YES;
				CLANG_WARN__DUPLICATE_METHOD_MATCH = YES;
				CODE_SIGN_IDENTITY = "iPhone Developer";
				COPY_PHASE_STRIP = NO;
				DEBUG_INFORMATION_FORMAT = "dwarf-with-dsym";
				ENABLE_NS_ASSERTIONS = NO;
				ENABLE_STRICT_OBJC_MSGSEND = YES;
				GCC_C_LANGUAGE_STANDARD = gnu11;
				GCC_NO_COMMON_BLOCKS = YES;
				GCC_WARN_64_TO_32_BIT_CONVERSION = YES;
				GCC_WARN_ABOUT_RETURN_TYPE = YES_ERROR;
				GCC_WARN_UNDECLARED_SELECTOR = YES;
				GCC_WARN_UNINITIALIZED_AUTOS = YES_AGGRESSIVE;
				GCC_WARN_UNUSED_FUNCTION = YES;
				GCC_WARN_UNUSED_VARIABLE = YES;
				IPHONEOS_DEPLOYMENT_TARGET = 12.0;
				MTL_ENABLE_DEBUG_INFO = NO;
				SDKROOT = iphoneos;
				SWIFT_OPTIMIZATION_LEVEL = "-Owholemodule";
				VALIDATE_PRODUCT = YES;
			};
			name = Release;
		};
		BE6EAB581FB2DCCA00224A1B /* Debug */ = {
			isa = XCBuildConfiguration;
			buildSettings = {
				ASSETCATALOG_COMPILER_APPICON_NAME = AppIcon;
				CODE_SIGN_STYLE = Automatic;
				DEVELOPMENT_TEAM = QHQL7836SK;
				FRAMEWORK_SEARCH_PATHS = (
					"$(inherited)",
					"$(PROJECT_DIR)",
				);
				GCC_OPTIMIZATION_LEVEL = fast;
				INFOPLIST_FILE = xMinerClient/Info.plist;
				LD_RUNPATH_SEARCH_PATHS = "$(inherited) @executable_path/Frameworks";
				PRODUCT_BUNDLE_IDENTIFIER = com.eyerise.xMinerClient;
				PRODUCT_NAME = "$(TARGET_NAME)";
				SWIFT_VERSION = 4.0;
				TARGETED_DEVICE_FAMILY = "1,2";
			};
			name = Debug;
		};
		BE6EAB591FB2DCCA00224A1B /* Release */ = {
			isa = XCBuildConfiguration;
			buildSettings = {
				ASSETCATALOG_COMPILER_APPICON_NAME = AppIcon;
				CODE_SIGN_STYLE = Automatic;
				DEVELOPMENT_TEAM = QHQL7836SK;
				FRAMEWORK_SEARCH_PATHS = (
					"$(inherited)",
					"$(PROJECT_DIR)",
				);
				GCC_OPTIMIZATION_LEVEL = fast;
				INFOPLIST_FILE = xMinerClient/Info.plist;
				LD_RUNPATH_SEARCH_PATHS = "$(inherited) @executable_path/Frameworks";
				PRODUCT_BUNDLE_IDENTIFIER = com.eyerise.xMinerClient;
				PRODUCT_NAME = "$(TARGET_NAME)";
				SWIFT_VERSION = 4.0;
				TARGETED_DEVICE_FAMILY = "1,2";
			};
			name = Release;
		};
/* End XCBuildConfiguration section */

/* Begin XCConfigurationList section */
		BE6EAB401FB2DCCA00224A1B /* Build configuration list for PBXProject "xMinerClient" */ = {
			isa = XCConfigurationList;
			buildConfigurations = (
				BE6EAB551FB2DCCA00224A1B /* Debug */,
				BE6EAB561FB2DCCA00224A1B /* Release */,
			);
			defaultConfigurationIsVisible = 0;
			defaultConfigurationName = Release;
		};
		BE6EAB571FB2DCCA00224A1B /* Build configuration list for PBXNativeTarget "xMinerClient" */ = {
			isa = XCConfigurationList;
			buildConfigurations = (
				BE6EAB581FB2DCCA00224A1B /* Debug */,
				BE6EAB591FB2DCCA00224A1B /* Release */,
			);
			defaultConfigurationIsVisible = 0;
			defaultConfigurationName = Release;
		};
/* End XCConfigurationList section */
	};
	rootObject = BE6EAB3D1FB2DCCA00224A1B /* Project object */;
}
